// !$*UTF8*$!
{
	archiveVersion = 1;
	classes = {
	};
	objectVersion = 56;
	objects = {

/* Begin PBXBuildFile section */
		1544D15B294DA10E0096A385 /* AppDelegate.swift in Sources */ = {isa = PBXBuildFile; fileRef = 1544D15A294DA10E0096A385 /* AppDelegate.swift */; };
		1544D15D294DA10E0096A385 /* SceneDelegate.swift in Sources */ = {isa = PBXBuildFile; fileRef = 1544D15C294DA10E0096A385 /* SceneDelegate.swift */; };
		1544D15F294DA10E0096A385 /* ViewController.swift in Sources */ = {isa = PBXBuildFile; fileRef = 1544D15E294DA10E0096A385 /* ViewController.swift */; };
		1544D162294DA10E0096A385 /* Main.storyboard in Resources */ = {isa = PBXBuildFile; fileRef = 1544D160294DA10E0096A385 /* Main.storyboard */; };
		1544D164294DA10F0096A385 /* Assets.xcassets in Resources */ = {isa = PBXBuildFile; fileRef = 1544D163294DA10F0096A385 /* Assets.xcassets */; };
		1544D167294DA10F0096A385 /* LaunchScreen.storyboard in Resources */ = {isa = PBXBuildFile; fileRef = 1544D165294DA10F0096A385 /* LaunchScreen.storyboard */; };
		1544D172294DA1100096A385 /* groundTests.swift in Sources */ = {isa = PBXBuildFile; fileRef = 1544D171294DA1100096A385 /* groundTests.swift */; };
		1544D17C294DA1100096A385 /* groundUITests.swift in Sources */ = {isa = PBXBuildFile; fileRef = 1544D17B294DA1100096A385 /* groundUITests.swift */; };
		1544D17E294DA1100096A385 /* groundUITestsLaunchTests.swift in Sources */ = {isa = PBXBuildFile; fileRef = 1544D17D294DA1100096A385 /* groundUITestsLaunchTests.swift */; };
		1544D18D294DA1770096A385 /* GoogleService-Info.plist in Resources */ = {isa = PBXBuildFile; fileRef = 1544D18C294DA1770096A385 /* GoogleService-Info.plist */; };
/* End PBXBuildFile section */

/* Begin PBXContainerItemProxy section */
		1544D16E294DA1100096A385 /* PBXContainerItemProxy */ = {
			isa = PBXContainerItemProxy;
			containerPortal = 1544D14F294DA10E0096A385 /* Project object */;
			proxyType = 1;
			remoteGlobalIDString = 1544D156294DA10E0096A385;
			remoteInfo = ground;
		};
		1544D178294DA1100096A385 /* PBXContainerItemProxy */ = {
			isa = PBXContainerItemProxy;
			containerPortal = 1544D14F294DA10E0096A385 /* Project object */;
			proxyType = 1;
			remoteGlobalIDString = 1544D156294DA10E0096A385;
			remoteInfo = ground;
		};
/* End PBXContainerItemProxy section */

/* Begin PBXFileReference section */
		1544D157294DA10E0096A385 /* ground.app */ = {isa = PBXFileReference; explicitFileType = wrapper.application; includeInIndex = 0; path = ground.app; sourceTree = BUILT_PRODUCTS_DIR; };
		1544D15A294DA10E0096A385 /* AppDelegate.swift */ = {isa = PBXFileReference; lastKnownFileType = sourcecode.swift; path = AppDelegate.swift; sourceTree = "<group>"; };
		1544D15C294DA10E0096A385 /* SceneDelegate.swift */ = {isa = PBXFileReference; lastKnownFileType = sourcecode.swift; path = SceneDelegate.swift; sourceTree = "<group>"; };
		1544D15E294DA10E0096A385 /* ViewController.swift */ = {isa = PBXFileReference; lastKnownFileType = sourcecode.swift; path = ViewController.swift; sourceTree = "<group>"; };
		1544D161294DA10E0096A385 /* Base */ = {isa = PBXFileReference; lastKnownFileType = file.storyboard; name = Base; path = Base.lproj/Main.storyboard; sourceTree = "<group>"; };
		1544D163294DA10F0096A385 /* Assets.xcassets */ = {isa = PBXFileReference; lastKnownFileType = folder.assetcatalog; path = Assets.xcassets; sourceTree = "<group>"; };
		1544D166294DA10F0096A385 /* Base */ = {isa = PBXFileReference; lastKnownFileType = file.storyboard; name = Base; path = Base.lproj/LaunchScreen.storyboard; sourceTree = "<group>"; };
		1544D168294DA10F0096A385 /* Info.plist */ = {isa = PBXFileReference; lastKnownFileType = text.plist.xml; path = Info.plist; sourceTree = "<group>"; };
		1544D16D294DA1100096A385 /* groundTests.xctest */ = {isa = PBXFileReference; explicitFileType = wrapper.cfbundle; includeInIndex = 0; path = groundTests.xctest; sourceTree = BUILT_PRODUCTS_DIR; };
		1544D171294DA1100096A385 /* groundTests.swift */ = {isa = PBXFileReference; lastKnownFileType = sourcecode.swift; path = groundTests.swift; sourceTree = "<group>"; };
		1544D177294DA1100096A385 /* groundUITests.xctest */ = {isa = PBXFileReference; explicitFileType = wrapper.cfbundle; includeInIndex = 0; path = groundUITests.xctest; sourceTree = BUILT_PRODUCTS_DIR; };
		1544D17B294DA1100096A385 /* groundUITests.swift */ = {isa = PBXFileReference; lastKnownFileType = sourcecode.swift; path = groundUITests.swift; sourceTree = "<group>"; };
		1544D17D294DA1100096A385 /* groundUITestsLaunchTests.swift */ = {isa = PBXFileReference; lastKnownFileType = sourcecode.swift; path = groundUITestsLaunchTests.swift; sourceTree = "<group>"; };
		1544D18C294DA1770096A385 /* GoogleService-Info.plist */ = {isa = PBXFileReference; fileEncoding = 4; lastKnownFileType = text.plist.xml; path = "GoogleService-Info.plist"; sourceTree = "<group>"; };
/* End PBXFileReference section */

/* Begin PBXFrameworksBuildPhase section */
		1544D154294DA10E0096A385 /* Frameworks */ = {
			isa = PBXFrameworksBuildPhase;
			buildActionMask = 2147483647;
			files = (
			);
			runOnlyForDeploymentPostprocessing = 0;
		};
		1544D16A294DA1100096A385 /* Frameworks */ = {
			isa = PBXFrameworksBuildPhase;
			buildActionMask = 2147483647;
			files = (
			);
			runOnlyForDeploymentPostprocessing = 0;
		};
		1544D174294DA1100096A385 /* Frameworks */ = {
			isa = PBXFrameworksBuildPhase;
			buildActionMask = 2147483647;
			files = (
			);
			runOnlyForDeploymentPostprocessing = 0;
		};
/* End PBXFrameworksBuildPhase section */

/* Begin PBXGroup section */
		1544D14E294DA10E0096A385 = {
			isa = PBXGroup;
			children = (
				1544D18C294DA1770096A385 /* GoogleService-Info.plist */,
				1544D159294DA10E0096A385 /* ground */,
				1544D170294DA1100096A385 /* groundTests */,
				1544D17A294DA1100096A385 /* groundUITests */,
				1544D158294DA10E0096A385 /* Products */,
			);
			sourceTree = "<group>";
		};
		1544D158294DA10E0096A385 /* Products */ = {
			isa = PBXGroup;
			children = (
				1544D157294DA10E0096A385 /* ground.app */,
				1544D16D294DA1100096A385 /* groundTests.xctest */,
				1544D177294DA1100096A385 /* groundUITests.xctest */,
			);
			name = Products;
			sourceTree = "<group>";
		};
		1544D159294DA10E0096A385 /* ground */ = {
			isa = PBXGroup;
			children = (
				1544D15A294DA10E0096A385 /* AppDelegate.swift */,
				1544D15C294DA10E0096A385 /* SceneDelegate.swift */,
				1544D15E294DA10E0096A385 /* ViewController.swift */,
				1544D160294DA10E0096A385 /* Main.storyboard */,
				1544D163294DA10F0096A385 /* Assets.xcassets */,
				1544D165294DA10F0096A385 /* LaunchScreen.storyboard */,
				1544D168294DA10F0096A385 /* Info.plist */,
			);
			path = ground;
			sourceTree = "<group>";
		};
		1544D170294DA1100096A385 /* groundTests */ = {
			isa = PBXGroup;
			children = (
				1544D171294DA1100096A385 /* groundTests.swift */,
			);
			path = groundTests;
			sourceTree = "<group>";
		};
		1544D17A294DA1100096A385 /* groundUITests */ = {
			isa = PBXGroup;
			children = (
				1544D17B294DA1100096A385 /* groundUITests.swift */,
				1544D17D294DA1100096A385 /* groundUITestsLaunchTests.swift */,
			);
			path = groundUITests;
			sourceTree = "<group>";
		};
/* End PBXGroup section */

/* Begin PBXNativeTarget section */
		1544D156294DA10E0096A385 /* ground */ = {
			isa = PBXNativeTarget;
			buildConfigurationList = 1544D181294DA1100096A385 /* Build configuration list for PBXNativeTarget "ground" */;
			buildPhases = (
				1544D153294DA10E0096A385 /* Sources */,
				1544D154294DA10E0096A385 /* Frameworks */,
				1544D155294DA10E0096A385 /* Resources */,
			);
			buildRules = (
			);
			dependencies = (
			);
			name = ground;
			productName = ground;
			productReference = 1544D157294DA10E0096A385 /* ground.app */;
			productType = "com.apple.product-type.application";
		};
		1544D16C294DA1100096A385 /* groundTests */ = {
			isa = PBXNativeTarget;
			buildConfigurationList = 1544D184294DA1100096A385 /* Build configuration list for PBXNativeTarget "groundTests" */;
			buildPhases = (
				1544D169294DA1100096A385 /* Sources */,
				1544D16A294DA1100096A385 /* Frameworks */,
				1544D16B294DA1100096A385 /* Resources */,
			);
			buildRules = (
			);
			dependencies = (
				1544D16F294DA1100096A385 /* PBXTargetDependency */,
			);
			name = groundTests;
			productName = groundTests;
			productReference = 1544D16D294DA1100096A385 /* groundTests.xctest */;
			productType = "com.apple.product-type.bundle.unit-test";
		};
		1544D176294DA1100096A385 /* groundUITests */ = {
			isa = PBXNativeTarget;
			buildConfigurationList = 1544D187294DA1100096A385 /* Build configuration list for PBXNativeTarget "groundUITests" */;
			buildPhases = (
				1544D173294DA1100096A385 /* Sources */,
				1544D174294DA1100096A385 /* Frameworks */,
				1544D175294DA1100096A385 /* Resources */,
			);
			buildRules = (
			);
			dependencies = (
				1544D179294DA1100096A385 /* PBXTargetDependency */,
			);
			name = groundUITests;
			productName = groundUITests;
			productReference = 1544D177294DA1100096A385 /* groundUITests.xctest */;
			productType = "com.apple.product-type.bundle.ui-testing";
		};
/* End PBXNativeTarget section */

/* Begin PBXProject section */
		1544D14F294DA10E0096A385 /* Project object */ = {
			isa = PBXProject;
			attributes = {
				BuildIndependentTargetsInParallel = 1;
				LastSwiftUpdateCheck = 1410;
				LastUpgradeCheck = 1410;
				TargetAttributes = {
					1544D156294DA10E0096A385 = {
						CreatedOnToolsVersion = 14.1;
					};
					1544D16C294DA1100096A385 = {
						CreatedOnToolsVersion = 14.1;
						TestTargetID = 1544D156294DA10E0096A385;
					};
					1544D176294DA1100096A385 = {
						CreatedOnToolsVersion = 14.1;
						TestTargetID = 1544D156294DA10E0096A385;
					};
				};
			};
			buildConfigurationList = 1544D152294DA10E0096A385 /* Build configuration list for PBXProject "ground" */;
			compatibilityVersion = "Xcode 14.0";
			developmentRegion = en;
			hasScannedForEncodings = 0;
			knownRegions = (
				en,
				Base,
			);
			mainGroup = 1544D14E294DA10E0096A385;
			productRefGroup = 1544D158294DA10E0096A385 /* Products */;
			projectDirPath = "";
			projectRoot = "";
			targets = (
				1544D156294DA10E0096A385 /* ground */,
				1544D16C294DA1100096A385 /* groundTests */,
				1544D176294DA1100096A385 /* groundUITests */,
			);
		};
/* End PBXProject section */

/* Begin PBXResourcesBuildPhase section */
		1544D155294DA10E0096A385 /* Resources */ = {
			isa = PBXResourcesBuildPhase;
			buildActionMask = 2147483647;
			files = (
				1544D167294DA10F0096A385 /* LaunchScreen.storyboard in Resources */,
				1544D18D294DA1770096A385 /* GoogleService-Info.plist in Resources */,
				1544D164294DA10F0096A385 /* Assets.xcassets in Resources */,
				1544D162294DA10E0096A385 /* Main.storyboard in Resources */,
			);
			runOnlyForDeploymentPostprocessing = 0;
		};
		1544D16B294DA1100096A385 /* Resources */ = {
			isa = PBXResourcesBuildPhase;
			buildActionMask = 2147483647;
			files = (
			);
			runOnlyForDeploymentPostprocessing = 0;
		};
		1544D175294DA1100096A385 /* Resources */ = {
			isa = PBXResourcesBuildPhase;
			buildActionMask = 2147483647;
			files = (
			);
			runOnlyForDeploymentPostprocessing = 0;
		};
/* End PBXResourcesBuildPhase section */

/* Begin PBXSourcesBuildPhase section */
		1544D153294DA10E0096A385 /* Sources */ = {
			isa = PBXSourcesBuildPhase;
			buildActionMask = 2147483647;
			files = (
				1544D15F294DA10E0096A385 /* ViewController.swift in Sources */,
				1544D15B294DA10E0096A385 /* AppDelegate.swift in Sources */,
				1544D15D294DA10E0096A385 /* SceneDelegate.swift in Sources */,
			);
			runOnlyForDeploymentPostprocessing = 0;
		};
		1544D169294DA1100096A385 /* Sources */ = {
			isa = PBXSourcesBuildPhase;
			buildActionMask = 2147483647;
			files = (
				1544D172294DA1100096A385 /* groundTests.swift in Sources */,
			);
			runOnlyForDeploymentPostprocessing = 0;
		};
		1544D173294DA1100096A385 /* Sources */ = {
			isa = PBXSourcesBuildPhase;
			buildActionMask = 2147483647;
			files = (
				1544D17C294DA1100096A385 /* groundUITests.swift in Sources */,
				1544D17E294DA1100096A385 /* groundUITestsLaunchTests.swift in Sources */,
			);
			runOnlyForDeploymentPostprocessing = 0;
		};
/* End PBXSourcesBuildPhase section */

/* Begin PBXTargetDependency section */
		1544D16F294DA1100096A385 /* PBXTargetDependency */ = {
			isa = PBXTargetDependency;
			target = 1544D156294DA10E0096A385 /* ground */;
			targetProxy = 1544D16E294DA1100096A385 /* PBXContainerItemProxy */;
		};
		1544D179294DA1100096A385 /* PBXTargetDependency */ = {
			isa = PBXTargetDependency;
			target = 1544D156294DA10E0096A385 /* ground */;
			targetProxy = 1544D178294DA1100096A385 /* PBXContainerItemProxy */;
		};
/* End PBXTargetDependency section */

/* Begin PBXVariantGroup section */
		1544D160294DA10E0096A385 /* Main.storyboard */ = {
			isa = PBXVariantGroup;
			children = (
				1544D161294DA10E0096A385 /* Base */,
			);
			name = Main.storyboard;
			sourceTree = "<group>";
		};
		1544D165294DA10F0096A385 /* LaunchScreen.storyboard */ = {
			isa = PBXVariantGroup;
			children = (
				1544D166294DA10F0096A385 /* Base */,
			);
			name = LaunchScreen.storyboard;
			sourceTree = "<group>";
		};
/* End PBXVariantGroup section */

/* Begin XCBuildConfiguration section */
		1544D17F294DA1100096A385 /* Debug */ = {
			isa = XCBuildConfiguration;
			buildSettings = {
				ALWAYS_SEARCH_USER_PATHS = NO;
				CLANG_ANALYZER_NONNULL = YES;
				CLANG_ANALYZER_NUMBER_OBJECT_CONVERSION = YES_AGGRESSIVE;
				CLANG_CXX_LANGUAGE_STANDARD = "gnu++20";
				CLANG_ENABLE_MODULES = YES;
				CLANG_ENABLE_OBJC_ARC = YES;
				CLANG_ENABLE_OBJC_WEAK = YES;
				CLANG_WARN_BLOCK_CAPTURE_AUTORELEASING = YES;
				CLANG_WARN_BOOL_CONVERSION = YES;
				CLANG_WARN_COMMA = YES;
				CLANG_WARN_CONSTANT_CONVERSION = YES;
				CLANG_WARN_DEPRECATED_OBJC_IMPLEMENTATIONS = YES;
				CLANG_WARN_DIRECT_OBJC_ISA_USAGE = YES_ERROR;
				CLANG_WARN_DOCUMENTATION_COMMENTS = YES;
				CLANG_WARN_EMPTY_BODY = YES;
				CLANG_WARN_ENUM_CONVERSION = YES;
				CLANG_WARN_INFINITE_RECURSION = YES;
				CLANG_WARN_INT_CONVERSION = YES;
				CLANG_WARN_NON_LITERAL_NULL_CONVERSION = YES;
				CLANG_WARN_OBJC_IMPLICIT_RETAIN_SELF = YES;
				CLANG_WARN_OBJC_LITERAL_CONVERSION = YES;
				CLANG_WARN_OBJC_ROOT_CLASS = YES_ERROR;
				CLANG_WARN_QUOTED_INCLUDE_IN_FRAMEWORK_HEADER = YES;
				CLANG_WARN_RANGE_LOOP_ANALYSIS = YES;
				CLANG_WARN_STRICT_PROTOTYPES = YES;
				CLANG_WARN_SUSPICIOUS_MOVE = YES;
				CLANG_WARN_UNGUARDED_AVAILABILITY = YES_AGGRESSIVE;
				CLANG_WARN_UNREACHABLE_CODE = YES;
				CLANG_WARN__DUPLICATE_METHOD_MATCH = YES;
				COPY_PHASE_STRIP = NO;
				DEBUG_INFORMATION_FORMAT = dwarf;
				ENABLE_STRICT_OBJC_MSGSEND = YES;
				ENABLE_TESTABILITY = YES;
				GCC_C_LANGUAGE_STANDARD = gnu11;
				GCC_DYNAMIC_NO_PIC = NO;
				GCC_NO_COMMON_BLOCKS = YES;
				GCC_OPTIMIZATION_LEVEL = 0;
				GCC_PREPROCESSOR_DEFINITIONS = (
					"DEBUG=1",
					"$(inherited)",
				);
				GCC_WARN_64_TO_32_BIT_CONVERSION = YES;
				GCC_WARN_ABOUT_RETURN_TYPE = YES_ERROR;
				GCC_WARN_UNDECLARED_SELECTOR = YES;
				GCC_WARN_UNINITIALIZED_AUTOS = YES_AGGRESSIVE;
				GCC_WARN_UNUSED_FUNCTION = YES;
				GCC_WARN_UNUSED_VARIABLE = YES;
				IPHONEOS_DEPLOYMENT_TARGET = 16.1;
				MTL_ENABLE_DEBUG_INFO = INCLUDE_SOURCE;
				MTL_FAST_MATH = YES;
				ONLY_ACTIVE_ARCH = YES;
				SDKROOT = iphoneos;
				SWIFT_ACTIVE_COMPILATION_CONDITIONS = DEBUG;
				SWIFT_OPTIMIZATION_LEVEL = "-Onone";
			};
			name = Debug;
		};
		1544D180294DA1100096A385 /* Release */ = {
			isa = XCBuildConfiguration;
			buildSettings = {
				ALWAYS_SEARCH_USER_PATHS = NO;
				CLANG_ANALYZER_NONNULL = YES;
				CLANG_ANALYZER_NUMBER_OBJECT_CONVERSION = YES_AGGRESSIVE;
				CLANG_CXX_LANGUAGE_STANDARD = "gnu++20";
				CLANG_ENABLE_MODULES = YES;
				CLANG_ENABLE_OBJC_ARC = YES;
				CLANG_ENABLE_OBJC_WEAK = YES;
				CLANG_WARN_BLOCK_CAPTURE_AUTORELEASING = YES;
				CLANG_WARN_BOOL_CONVERSION = YES;
				CLANG_WARN_COMMA = YES;
				CLANG_WARN_CONSTANT_CONVERSION = YES;
				CLANG_WARN_DEPRECATED_OBJC_IMPLEMENTATIONS = YES;
				CLANG_WARN_DIRECT_OBJC_ISA_USAGE = YES_ERROR;
				CLANG_WARN_DOCUMENTATION_COMMENTS = YES;
				CLANG_WARN_EMPTY_BODY = YES;
				CLANG_WARN_ENUM_CONVERSION = YES;
				CLANG_WARN_INFINITE_RECURSION = YES;
				CLANG_WARN_INT_CONVERSION = YES;
				CLANG_WARN_NON_LITERAL_NULL_CONVERSION = YES;
				CLANG_WARN_OBJC_IMPLICIT_RETAIN_SELF = YES;
				CLANG_WARN_OBJC_LITERAL_CONVERSION = YES;
				CLANG_WARN_OBJC_ROOT_CLASS = YES_ERROR;
				CLANG_WARN_QUOTED_INCLUDE_IN_FRAMEWORK_HEADER = YES;
				CLANG_WARN_RANGE_LOOP_ANALYSIS = YES;
				CLANG_WARN_STRICT_PROTOTYPES = YES;
				CLANG_WARN_SUSPICIOUS_MOVE = YES;
				CLANG_WARN_UNGUARDED_AVAILABILITY = YES_AGGRESSIVE;
				CLANG_WARN_UNREACHABLE_CODE = YES;
				CLANG_WARN__DUPLICATE_METHOD_MATCH = YES;
				COPY_PHASE_STRIP = NO;
				DEBUG_INFORMATION_FORMAT = "dwarf-with-dsym";
				ENABLE_NS_ASSERTIONS = NO;
				ENABLE_STRICT_OBJC_MSGSEND = YES;
				GCC_C_LANGUAGE_STANDARD = gnu11;
				GCC_NO_COMMON_BLOCKS = YES;
				GCC_WARN_64_TO_32_BIT_CONVERSION = YES;
				GCC_WARN_ABOUT_RETURN_TYPE = YES_ERROR;
				GCC_WARN_UNDECLARED_SELECTOR = YES;
				GCC_WARN_UNINITIALIZED_AUTOS = YES_AGGRESSIVE;
				GCC_WARN_UNUSED_FUNCTION = YES;
				GCC_WARN_UNUSED_VARIABLE = YES;
				IPHONEOS_DEPLOYMENT_TARGET = 16.1;
				MTL_ENABLE_DEBUG_INFO = NO;
				MTL_FAST_MATH = YES;
				SDKROOT = iphoneos;
				SWIFT_COMPILATION_MODE = wholemodule;
				SWIFT_OPTIMIZATION_LEVEL = "-O";
				VALIDATE_PRODUCT = YES;
			};
			name = Release;
		};
		1544D182294DA1100096A385 /* Debug */ = {
			isa = XCBuildConfiguration;
			buildSettings = {
				ASSETCATALOG_COMPILER_APPICON_NAME = AppIcon;
				ASSETCATALOG_COMPILER_GLOBAL_ACCENT_COLOR_NAME = AccentColor;
				CODE_SIGN_STYLE = Automatic;
				CURRENT_PROJECT_VERSION = 1;
				GENERATE_INFOPLIST_FILE = YES;
				INFOPLIST_FILE = ground/Info.plist;
				INFOPLIST_KEY_UIApplicationSupportsIndirectInputEvents = YES;
				INFOPLIST_KEY_UILaunchStoryboardName = LaunchScreen;
				INFOPLIST_KEY_UIMainStoryboardFile = Main;
				INFOPLIST_KEY_UISupportedInterfaceOrientations_iPad = "UIInterfaceOrientationPortrait UIInterfaceOrientationPortraitUpsideDown UIInterfaceOrientationLandscapeLeft UIInterfaceOrientationLandscapeRight";
				INFOPLIST_KEY_UISupportedInterfaceOrientations_iPhone = "UIInterfaceOrientationPortrait UIInterfaceOrientationLandscapeLeft UIInterfaceOrientationLandscapeRight";
				LD_RUNPATH_SEARCH_PATHS = (
					"$(inherited)",
					"@executable_path/Frameworks",
				);
				MARKETING_VERSION = 1.0;
				PRODUCT_BUNDLE_IDENTIFIER = zerui.ground;
				PRODUCT_NAME = "$(TARGET_NAME)";
				SWIFT_EMIT_LOC_STRINGS = YES;
				SWIFT_VERSION = 5.0;
				TARGETED_DEVICE_FAMILY = "1,2";
			};
			name = Debug;
		};
		1544D183294DA1100096A385 /* Release */ = {
			isa = XCBuildConfiguration;
			buildSettings = {
				ASSETCATALOG_COMPILER_APPICON_NAME = AppIcon;
				ASSETCATALOG_COMPILER_GLOBAL_ACCENT_COLOR_NAME = AccentColor;
				CODE_SIGN_STYLE = Automatic;
				CURRENT_PROJECT_VERSION = 1;
				GENERATE_INFOPLIST_FILE = YES;
				INFOPLIST_FILE = ground/Info.plist;
				INFOPLIST_KEY_UIApplicationSupportsIndirectInputEvents = YES;
				INFOPLIST_KEY_UILaunchStoryboardName = LaunchScreen;
				INFOPLIST_KEY_UIMainStoryboardFile = Main;
				INFOPLIST_KEY_UISupportedInterfaceOrientations_iPad = "UIInterfaceOrientationPortrait UIInterfaceOrientationPortraitUpsideDown UIInterfaceOrientationLandscapeLeft UIInterfaceOrientationLandscapeRight";
				INFOPLIST_KEY_UISupportedInterfaceOrientations_iPhone = "UIInterfaceOrientationPortrait UIInterfaceOrientationLandscapeLeft UIInterfaceOrientationLandscapeRight";
				LD_RUNPATH_SEARCH_PATHS = (
					"$(inherited)",
					"@executable_path/Frameworks",
				);
				MARKETING_VERSION = 1.0;
				PRODUCT_BUNDLE_IDENTIFIER = zerui.ground;
				PRODUCT_NAME = "$(TARGET_NAME)";
				SWIFT_EMIT_LOC_STRINGS = YES;
				SWIFT_VERSION = 5.0;
				TARGETED_DEVICE_FAMILY = "1,2";
			};
			name = Release;
		};
		1544D185294DA1100096A385 /* Debug */ = {
			isa = XCBuildConfiguration;
			buildSettings = {
				ALWAYS_EMBED_SWIFT_STANDARD_LIBRARIES = YES;
				BUNDLE_LOADER = "$(TEST_HOST)";
				CODE_SIGN_STYLE = Automatic;
				CURRENT_PROJECT_VERSION = 1;
				GENERATE_INFOPLIST_FILE = YES;
				IPHONEOS_DEPLOYMENT_TARGET = 16.1;
				MARKETING_VERSION = 1.0;
				PRODUCT_BUNDLE_IDENTIFIER = zerui.groundTests;
				PRODUCT_NAME = "$(TARGET_NAME)";
				SWIFT_EMIT_LOC_STRINGS = NO;
				SWIFT_VERSION = 5.0;
				TARGETED_DEVICE_FAMILY = "1,2";
				TEST_HOST = "$(BUILT_PRODUCTS_DIR)/ground.app/$(BUNDLE_EXECUTABLE_FOLDER_PATH)/ground";
			};
			name = Debug;
		};
		1544D186294DA1100096A385 /* Release */ = {
			isa = XCBuildConfiguration;
			buildSettings = {
				ALWAYS_EMBED_SWIFT_STANDARD_LIBRARIES = YES;
				BUNDLE_LOADER = "$(TEST_HOST)";
				CODE_SIGN_STYLE = Automatic;
				CURRENT_PROJECT_VERSION = 1;
				GENERATE_INFOPLIST_FILE = YES;
				IPHONEOS_DEPLOYMENT_TARGET = 16.1;
				MARKETING_VERSION = 1.0;
				PRODUCT_BUNDLE_IDENTIFIER = zerui.groundTests;
				PRODUCT_NAME = "$(TARGET_NAME)";
				SWIFT_EMIT_LOC_STRINGS = NO;
				SWIFT_VERSION = 5.0;
				TARGETED_DEVICE_FAMILY = "1,2";
				TEST_HOST = "$(BUILT_PRODUCTS_DIR)/ground.app/$(BUNDLE_EXECUTABLE_FOLDER_PATH)/ground";
			};
			name = Release;
		};
		1544D188294DA1100096A385 /* Debug */ = {
			isa = XCBuildConfiguration;
			buildSettings = {
				ALWAYS_EMBED_SWIFT_STANDARD_LIBRARIES = YES;
				CODE_SIGN_STYLE = Automatic;
				CURRENT_PROJECT_VERSION = 1;
				GENERATE_INFOPLIST_FILE = YES;
				MARKETING_VERSION = 1.0;
				PRODUCT_BUNDLE_IDENTIFIER = zerui.groundUITests;
				PRODUCT_NAME = "$(TARGET_NAME)";
				SWIFT_EMIT_LOC_STRINGS = NO;
				SWIFT_VERSION = 5.0;
				TARGETED_DEVICE_FAMILY = "1,2";
				TEST_TARGET_NAME = ground;
			};
			name = Debug;
		};
		1544D189294DA1100096A385 /* Release */ = {
			isa = XCBuildConfiguration;
			buildSettings = {
				ALWAYS_EMBED_SWIFT_STANDARD_LIBRARIES = YES;
				CODE_SIGN_STYLE = Automatic;
				CURRENT_PROJECT_VERSION = 1;
				GENERATE_INFOPLIST_FILE = YES;
				MARKETING_VERSION = 1.0;
				PRODUCT_BUNDLE_IDENTIFIER = zerui.groundUITests;
				PRODUCT_NAME = "$(TARGET_NAME)";
				SWIFT_EMIT_LOC_STRINGS = NO;
				SWIFT_VERSION = 5.0;
				TARGETED_DEVICE_FAMILY = "1,2";
				TEST_TARGET_NAME = ground;
			};
			name = Release;
		};
/* End XCBuildConfiguration section */

/* Begin XCConfigurationList section */
		1544D152294DA10E0096A385 /* Build configuration list for PBXProject "ground" */ = {
			isa = XCConfigurationList;
			buildConfigurations = (
				1544D17F294DA1100096A385 /* Debug */,
				1544D180294DA1100096A385 /* Release */,
			);
			defaultConfigurationIsVisible = 0;
			defaultConfigurationName = Release;
		};
		1544D181294DA1100096A385 /* Build configuration list for PBXNativeTarget "ground" */ = {
			isa = XCConfigurationList;
			buildConfigurations = (
				1544D182294DA1100096A385 /* Debug */,
				1544D183294DA1100096A385 /* Release */,
			);
			defaultConfigurationIsVisible = 0;
			defaultConfigurationName = Release;
		};
		1544D184294DA1100096A385 /* Build configuration list for PBXNativeTarget "groundTests" */ = {
			isa = XCConfigurationList;
			buildConfigurations = (
				1544D185294DA1100096A385 /* Debug */,
				1544D186294DA1100096A385 /* Release */,
			);
			defaultConfigurationIsVisible = 0;
			defaultConfigurationName = Release;
		};
		1544D187294DA1100096A385 /* Build configuration list for PBXNativeTarget "groundUITests" */ = {
			isa = XCConfigurationList;
			buildConfigurations = (
				1544D188294DA1100096A385 /* Debug */,
				1544D189294DA1100096A385 /* Release */,
			);
			defaultConfigurationIsVisible = 0;
			defaultConfigurationName = Release;
		};
/* End XCConfigurationList section */
	};
	rootObject = 1544D14F294DA10E0096A385 /* Project object */;
}
